{
  "name": "pedigreejs",
  "version": "0.1.0",
  "lockfileVersion": 1,
  "requires": true,
  "dependencies": {
    "@handsontable/formulajs": {
      "version": "2.0.2",
      "resolved": "https://registry.npmjs.org/@handsontable/formulajs/-/formulajs-2.0.2.tgz",
      "integrity": "sha512-maIyMJtYjA5e/R9nyA22Qd7Yw73MBSxClJvle0a8XWAS/5l6shc/OFpQqrmwMy4IXUCmywJ9ER0gOGz/YA720w==",
      "requires": {
        "bessel": "^1.0.2",
        "jstat": "^1.9.2"
      }
    },
    "@types/pikaday": {
      "version": "1.7.4",
      "resolved": "https://registry.npmjs.org/@types/pikaday/-/pikaday-1.7.4.tgz",
      "integrity": "sha512-0KsHVyw5pTG829nqG4IRu7m+BFQlFEBdbE/1i3S5182HeKUKv1uEW0gyEmkJVp5i4IV+9pyh23O83+KpRkSQbw==",
      "requires": {
        "moment": ">=2.14.0"
      }
    },
    "bessel": {
      "version": "1.0.2",
      "resolved": "https://registry.npmjs.org/bessel/-/bessel-1.0.2.tgz",
      "integrity": "sha512-Al3nHGQGqDYqqinXhQzmwmcRToe/3WyBv4N8aZc5Pef8xw2neZlR9VPi84Sa23JtgWcucu18HxVZrnI0fn2etw=="
    },
    "bignumber.js": {
      "version": "8.1.1",
      "resolved": "https://registry.npmjs.org/bignumber.js/-/bignumber.js-8.1.1.tgz",
      "integrity": "sha512-QD46ppGintwPGuL1KqmwhR0O+N2cZUg8JG/VzwI2e28sM9TqHjQB10lI4QAaMHVbLzwVLLAwEglpKPViWX+5NQ=="
    },
    "core-js": {
      "version": "3.6.5",
      "resolved": "https://registry.npmjs.org/core-js/-/core-js-3.6.5.tgz",
      "integrity": "sha512-vZVEEwZoIsI+vPEuoF9Iqf5H7/M3eeQqWlQnYa8FSKKePuYTf5MWnxb5SDAzCa60b3JBRS5g9b+Dq7b1y/RCrA=="
    },
    "handsontable": {
      "version": "7.4.2",
      "resolved": "https://registry.npmjs.org/handsontable/-/handsontable-7.4.2.tgz",
      "integrity": "sha512-xJ81nZfXWHmS+K8/Eshj776MQSe8003iue1hHumgb0bnJmG/WLOxRpN+Vurdl/WPwI3+fQOqb9nTzmM5n/LI2g==",
      "requires": {
        "@types/pikaday": "1.7.4",
        "core-js": "^3.0.0",
        "hot-formula-parser": "^3.0.1",
        "moment": "2.24.0",
        "numbro": "2.1.2",
        "pikaday": "1.8.0"
      }
    },
    "hot-formula-parser": {
      "version": "3.0.2",
      "resolved": "https://registry.npmjs.org/hot-formula-parser/-/hot-formula-parser-3.0.2.tgz",
      "integrity": "sha512-W/Dj/UbIyuViMIQOQD6tUEVySl7jd6ei+gfWslTiRqa4yRhkyHnIz8N4oLnqgDRhhVAQIcFF5NfNz49k4X8IxQ==",
      "requires": {
        "@handsontable/formulajs": "^2.0.2",
        "tiny-emitter": "^2.1.0"
      }
    },
    "jstat": {
      "version": "1.9.3",
      "resolved": "https://registry.npmjs.org/jstat/-/jstat-1.9.3.tgz",
      "integrity": "sha512-/2JL4Xv6xfhN2+AEKQGTYr1LZTmBCR/5fHxJVvb9zWNsmKZfKrl3wYYK8SD/Z8kXkf+ZSusfumLZ4wDTHrWujA=="
    },
    "lodash": {
      "version": "4.17.15",
      "resolved": "https://registry.npmjs.org/lodash/-/lodash-4.17.15.tgz",
      "integrity": "sha512-8xOcRHvCjnocdS5cpwXQXVzmmh5e5+saE2QGoeQmbKmRS6J3VQppPOIt0MnmE+4xlZoumy0GPG0D0MVIQbNA1A=="
    },
    "moment": {
      "version": "2.24.0",
      "resolved": "https://registry.npmjs.org/moment/-/moment-2.24.0.tgz",
      "integrity": "sha512-bV7f+6l2QigeBBZSM/6yTNq4P2fNpSWj/0e7jQcy87A8e7o2nAfP/34/2ky5Vw4B9S446EtIhodAzkFCcR4dQg=="
    },
    "numbro": {
      "version": "2.1.2",
      "resolved": "https://registry.npmjs.org/numbro/-/numbro-2.1.2.tgz",
      "integrity": "sha512-7w833BxZmKGLE9HI0aREtNVRVH6WTYUUlWf4qgA5gKNhPQ4F/MRZ14sc0v8eoLORprk9ZTVwYaLwj8N3Zgxwiw==",
      "requires": {
        "bignumber.js": "^8.0.1"
      }
    },
    "pikaday": {
      "version": "1.8.0",
      "resolved": "https://registry.npmjs.org/pikaday/-/pikaday-1.8.0.tgz",
      "integrity": "sha512-SgGxMYX0NHj9oQnMaSyAipr2gOrbB4Lfs/TJTb6H6hRHs39/5c5VZi73Q8hr53+vWjdn6HzkWcj8Vtl3c9ziaA=="
    },
    "tiny-emitter": {
      "version": "2.1.0",
      "resolved": "https://registry.npmjs.org/tiny-emitter/-/tiny-emitter-2.1.0.tgz",
      "integrity": "sha512-NB6Dk1A9xgQPMoGqC5CVXn123gWyte215ONT5Pp5a0yt4nlEoO1ZWeCwpncaekPHXO60i47ihFnZPiRPjRMq4Q=="
    }
  }
}
